<?xml version="1.0" encoding="utf-8"?>
<Project ToolsVersion="4.0" xmlns="http://schemas.microsoft.com/developer/msbuild/2003">
  <ItemGroup>
    <Filter Include="Source Files">
      <UniqueIdentifier>{82b4cd75-1f47-4d63-affb-1197d881f809}</UniqueIdentifier>
      <Extensions>cpp;c;cxx;rc;def;r;odl;idl;hpj;bat</Extensions>
    </Filter>
    <Filter Include="Header Files">
      <UniqueIdentifier>{396e1984-19ed-4b4d-8736-53c4f7ab9047}</UniqueIdentifier>
      <Extensions>h;hpp;hxx;hm;inl</Extensions>
    </Filter>
    <Filter Include="Resource Files">
      <UniqueIdentifier>{a9511b88-9e3b-44c0-a96d-1cc1342bedc3}</UniqueIdentifier>
      <Extensions>ico;cur;bmp;dlg;rc2;rct;bin;rgs;gif;jpg;jpeg;jpe</Extensions>
    </Filter>
  </ItemGroup>
  <ItemGroup>
    <ClCompile Include="..\..\C-Motion\C\c-motion.c">
      <Filter>Source Files</Filter>
    </ClCompile>
    <ClCompile Include="dllfuns.c">
      <Filter>Source Files</Filter>
    </ClCompile>
    <ClCompile Include="..\..\C-Motion\C\PMDcan.c">
      <Filter>Source Files</Filter>
    </ClCompile>
    <ClCompile Include="..\..\C-Motion\C\PMDcommon.c">
      <Filter>Source Files</Filter>
    </ClCompile>
    <ClCompile Include="..\..\C-Motion\C\PMDdiag.c">
      <Filter>Source Files</Filter>
    </ClCompile>
    <ClCompile Include="..\..\C-Motion\C\PMDIXXATCAN3.c">
      <Filter>Source Files</Filter>
    </ClCompile>
    <ClCompile Include="..\..\C-Motion\C\PMDMB.c">
      <Filter>Source Files</Filter>
    </ClCompile>
    <ClCompile Include="..\..\C-Motion\C\PMDopen.c">
      <Filter>Source Files</Filter>
    </ClCompile>
    <ClCompile Include="..\..\C-Motion\C\PMDPcan.c">
      <Filter>Source Files</Filter>
    </ClCompile>
    <ClCompile Include="..\..\C-Motion\C\PMDPser.c">
      <Filter>Source Files</Filter>
    </ClCompile>
    <ClCompile Include="..\..\C-Motion\C\PMDPtcp.c">
      <Filter>Source Files</Filter>
    </ClCompile>
    <ClCompile Include="..\..\C-Motion\C\PMDRP.cpp">
      <Filter>Source Files</Filter>
    </ClCompile>
    <ClCompile Include="..\..\C-Motion\C\PMDRPdevice.cpp">
      <Filter>Source Files</Filter>
    </ClCompile>
    <ClCompile Include="..\..\C-Motion\C\PMDRPperiph.cpp">
      <Filter>Source Files</Filter>
    </ClCompile>
    <ClCompile Include="..\..\C-Motion\C\PMDser.c">
      <Filter>Source Files</Filter>
    </ClCompile>
    <ClCompile Include="..\..\C-Motion\C\PMDtrans.c">
      <Filter>Source Files</Filter>
    </ClCompile>
    <ClCompile Include="..\..\C-Motion\C\PMDPpci.c">
      <Filter>Source Files</Filter>
    </ClCompile>
    <ClCompile Include="..\..\C-Motion\C\PMDpar.c">
      <Filter>Source Files</Filter>
    </ClCompile>
  </ItemGroup>
  <ItemGroup>
    <ClInclude Include="..\..\C-Motion\Include\c-motion.h">
      <Filter>Header Files</Filter>
    </ClInclude>
    <ClInclude Include="dllfuns.h">
      <Filter>Header Files</Filter>
    </ClInclude>
    <ClInclude Include="..\..\C-Motion\Include\PMDdevice.h">
      <Filter>Header Files</Filter>
    </ClInclude>
    <ClInclude Include="..\..\C-Motion\Include\PMDdiag.h">
      <Filter>Header Files</Filter>
    </ClInclude>
    <ClInclude Include="..\..\C-Motion\Include\pmdecode.h">
      <Filter>Header Files</Filter>
    </ClInclude>
    <ClInclude Include="..\..\C-Motion\Include\PMDintf.h">
      <Filter>Header Files</Filter>
    </ClInclude>
    <ClInclude Include="..\..\C-Motion\Include\PMDMB.h">
      <Filter>Header Files</Filter>
    </ClInclude>
    <ClInclude Include="..\..\C-Motion\Include\PMDmutex.h">
      <Filter>Header Files</Filter>
    </ClInclude>
    <ClInclude Include="..\..\C-Motion\Include\PMDocode.h">
      <Filter>Header Files</Filter>
    </ClInclude>
    <ClInclude Include="..\..\C-Motion\Include\PMDperiph.h">
      <Filter>Header Files</Filter>
    </ClInclude>
    <ClInclude Include="..\..\C-Motion\Include\PMDRP.h">
      <Filter>Header Files</Filter>
    </ClInclude>
    <ClInclude Include="..\..\C-Motion\Include\PMDRPdevice.h">
      <Filter>Header Files</Filter>
    </ClInclude>
    <ClInclude Include="..\..\C-Motion\Include\PMDRPperiph.h">
      <Filter>Header Files</Filter>
    </ClInclude>
    <ClInclude Include="..\..\C-Motion\Include\PMDRPtypes.h">
      <Filter>Header Files</Filter>
    </ClInclude>
    <ClInclude Include="..\..\C-Motion\Include\PMDsys.h">
      <Filter>Header Files</Filter>
    </ClInclude>
    <ClInclude Include="..\..\C-Motion\Include\PMDtrans.h">
      <Filter>Header Files</Filter>
    </ClInclude>
    <ClInclude Include="..\..\C-Motion\Include\PMDtypes.h">
      <Filter>Header Files</Filter>
    </ClInclude>
    <ClInclude Include="..\..\C-Motion\Include\PMDPfunc.h">
      <Filter>Header Files</Filter>
    </ClInclude>
    <ClInclude Include="..\..\C-Motion\Include\PMDIXXATCAN.h">
      <Filter>Header Files</Filter>
    </ClInclude>
  </ItemGroup>
  <ItemGroup>
    <Library Include="..\..\C-Motion\Include\IXXAT\vcisdk.lib" />
    <Library Include="..\..\C-Motion\Include\PLX\PlxApi.lib" />
  </ItemGroup>
  <ItemGroup>
    <None Include="c-motion.def">
      <Filter>Source Files</Filter>
    </None>
  </ItemGroup>
</Project>