
Microsoft Visual Studio Solution File, Format Version 11.00
# Visual Studio 2010
Project("{F184B08F-C81C-45F6-A57F-5ABD9991F28F}") = "PMDLibrary", "PMDLibrary.vbproj", "{4971D44A-CFAE-48A6-8391-236417B8BE88}"
EndProject
Project("{FAE04EC0-301F-11D3-BF4B-00C04F79EFBC}") = "CSTestApp", "..\CSTestApp\CSTestApp.csproj", "{F61576C1-169D-4319-8F14-00CF7889CA55}"
	ProjectSection(ProjectDependencies) = postProject
		{4971D44A-CFAE-48A6-8391-236417B8BE88} = {4971D44A-CFAE-48A6-8391-236417B8BE88}
	EndProjectSection
EndProject
Project("{F184B08F-C81C-45F6-A57F-5ABD9991F28F}") = "VBTestApp", "..\VBTestApp\VBTestApp.vbproj", "{51BEE9EE-53BF-4716-9AE3-7B114E260B8A}"
EndProject
Project("{8BC9CEB8-8B4A-11D0-8D11-00A0C91BC942}") = "DLLBuild", "..\..\DLLBuild\DLLBuild.vcxproj", "{AE07694B-1640-4464-B012-06D187435775}"
EndProject
Global
	GlobalSection(SolutionConfigurationPlatforms) = preSolution
		Debug|Any CPU = Debug|Any CPU
		Debug|Mixed Platforms = Debug|Mixed Platforms
		Debug|Win32 = Debug|Win32
		Debug|x86 = Debug|x86
		Release|Any CPU = Release|Any CPU
		Release|Mixed Platforms = Release|Mixed Platforms
		Release|Win32 = Release|Win32
		Release|x86 = Release|x86
	EndGlobalSection
	GlobalSection(ProjectConfigurationPlatforms) = postSolution
		{4971D44A-CFAE-48A6-8391-236417B8BE88}.Debug|Any CPU.ActiveCfg = Debug|Any CPU
		{4971D44A-CFAE-48A6-8391-236417B8BE88}.Debug|Any CPU.Build.0 = Debug|Any CPU
		{4971D44A-CFAE-48A6-8391-236417B8BE88}.Debug|Mixed Platforms.ActiveCfg = Debug|Any CPU
		{4971D44A-CFAE-48A6-8391-236417B8BE88}.Debug|Mixed Platforms.Build.0 = Debug|Any CPU
		{4971D44A-CFAE-48A6-8391-236417B8BE88}.Debug|Win32.ActiveCfg = Debug|Any CPU
		{4971D44A-CFAE-48A6-8391-236417B8BE88}.Debug|x86.ActiveCfg = Debug|Any CPU
		{4971D44A-CFAE-48A6-8391-236417B8BE88}.Release|Any CPU.ActiveCfg = Release|Any CPU
		{4971D44A-CFAE-48A6-8391-236417B8BE88}.Release|Any CPU.Build.0 = Release|Any CPU
		{4971D44A-CFAE-48A6-8391-236417B8BE88}.Release|Mixed Platforms.ActiveCfg = Release|Any CPU
		{4971D44A-CFAE-48A6-8391-236417B8BE88}.Release|Mixed Platforms.Build.0 = Release|Any CPU
		{4971D44A-CFAE-48A6-8391-236417B8BE88}.Release|Win32.ActiveCfg = Release|Any CPU
		{4971D44A-CFAE-48A6-8391-236417B8BE88}.Release|x86.ActiveCfg = Release|Any CPU
		{F61576C1-169D-4319-8F14-00CF7889CA55}.Debug|Any CPU.ActiveCfg = Debug|x86
		{F61576C1-169D-4319-8F14-00CF7889CA55}.Debug|Mixed Platforms.ActiveCfg = Debug|x86
		{F61576C1-169D-4319-8F14-00CF7889CA55}.Debug|Mixed Platforms.Build.0 = Debug|x86
		{F61576C1-169D-4319-8F14-00CF7889CA55}.Debug|Win32.ActiveCfg = Debug|x86
		{F61576C1-169D-4319-8F14-00CF7889CA55}.Debug|x86.ActiveCfg = Debug|x86
		{F61576C1-169D-4319-8F14-00CF7889CA55}.Debug|x86.Build.0 = Debug|x86
		{F61576C1-169D-4319-8F14-00CF7889CA55}.Release|Any CPU.ActiveCfg = Release|x86
		{F61576C1-169D-4319-8F14-00CF7889CA55}.Release|Mixed Platforms.ActiveCfg = Release|x86
		{F61576C1-169D-4319-8F14-00CF7889CA55}.Release|Mixed Platforms.Build.0 = Release|x86
		{F61576C1-169D-4319-8F14-00CF7889CA55}.Release|Win32.ActiveCfg = Release|x86
		{F61576C1-169D-4319-8F14-00CF7889CA55}.Release|x86.ActiveCfg = Release|x86
		{F61576C1-169D-4319-8F14-00CF7889CA55}.Release|x86.Build.0 = Release|x86
		{51BEE9EE-53BF-4716-9AE3-7B114E260B8A}.Debug|Any CPU.ActiveCfg = Debug|x86
		{51BEE9EE-53BF-4716-9AE3-7B114E260B8A}.Debug|Mixed Platforms.ActiveCfg = Debug|x86
		{51BEE9EE-53BF-4716-9AE3-7B114E260B8A}.Debug|Mixed Platforms.Build.0 = Debug|x86
		{51BEE9EE-53BF-4716-9AE3-7B114E260B8A}.Debug|Win32.ActiveCfg = Debug|x86
		{51BEE9EE-53BF-4716-9AE3-7B114E260B8A}.Debug|x86.ActiveCfg = Debug|x86
		{51BEE9EE-53BF-4716-9AE3-7B114E260B8A}.Debug|x86.Build.0 = Debug|x86
		{51BEE9EE-53BF-4716-9AE3-7B114E260B8A}.Release|Any CPU.ActiveCfg = Release|x86
		{51BEE9EE-53BF-4716-9AE3-7B114E260B8A}.Release|Mixed Platforms.ActiveCfg = Release|x86
		{51BEE9EE-53BF-4716-9AE3-7B114E260B8A}.Release|Mixed Platforms.Build.0 = Release|x86
		{51BEE9EE-53BF-4716-9AE3-7B114E260B8A}.Release|Win32.ActiveCfg = Release|x86
		{51BEE9EE-53BF-4716-9AE3-7B114E260B8A}.Release|x86.ActiveCfg = Release|x86
		{51BEE9EE-53BF-4716-9AE3-7B114E260B8A}.Release|x86.Build.0 = Release|x86
		{AE07694B-1640-4464-B012-06D187435775}.Debug|Any CPU.ActiveCfg = Debug|Win32
		{AE07694B-1640-4464-B012-06D187435775}.Debug|Mixed Platforms.ActiveCfg = Debug|Win32
		{AE07694B-1640-4464-B012-06D187435775}.Debug|Mixed Platforms.Build.0 = Debug|Win32
		{AE07694B-1640-4464-B012-06D187435775}.Debug|Win32.ActiveCfg = Debug|Win32
		{AE07694B-1640-4464-B012-06D187435775}.Debug|Win32.Build.0 = Debug|Win32
		{AE07694B-1640-4464-B012-06D187435775}.Debug|x86.ActiveCfg = Debug|Win32
		{AE07694B-1640-4464-B012-06D187435775}.Release|Any CPU.ActiveCfg = Release|Win32
		{AE07694B-1640-4464-B012-06D187435775}.Release|Mixed Platforms.ActiveCfg = Release|Win32
		{AE07694B-1640-4464-B012-06D187435775}.Release|Mixed Platforms.Build.0 = Release|Win32
		{AE07694B-1640-4464-B012-06D187435775}.Release|Win32.ActiveCfg = Release|Win32
		{AE07694B-1640-4464-B012-06D187435775}.Release|Win32.Build.0 = Release|Win32
		{AE07694B-1640-4464-B012-06D187435775}.Release|x86.ActiveCfg = Release|Win32
	EndGlobalSection
	GlobalSection(SolutionProperties) = preSolution
		HideSolutionNode = FALSE
	EndGlobalSection
EndGlobal
